
Microsoft Visual Studio Solution File, Format Version 11.00
# Visual Studio 2010
Project("{8BC9CEB8-8B4A-11D0-8D11-00A0C91BC942}") = "HelloWorld", "HelloWorld\HelloWorld.vcxproj", "{3F965B88-AC4C-4C8A-A3DD-7B56575E3DEE}"
EndProject
Global
	GlobalSection(SolutionConfigurationPlatforms) = preSolution
		Debug|Win32 = Debug|Win32
		Release|Win32 = Release|Win32
	EndGlobalSection
	GlobalSection(ProjectConfigurationPlatforms) = postSolution
		{3F965B88-AC4C-4C8A-A3DD-7B56575E3DEE}.Debug|Win32.ActiveCfg = Debug|Win32
		{3F965B88-AC4C-4C8A-A3DD-7B56575E3DEE}.Debug|Win32.Build.0 = Debug|Win32
		{3F965B88-AC4C-4C8A-A3DD-7B56575E3DEE}.Release|Win32.ActiveCfg = Release|Win32
		{3F965B88-AC4C-4C8A-A3DD-7B56575E3DEE}.Release|Win32.Build.0 = Release|Win32
	EndGlobalSection
	GlobalSection(SolutionProperties) = preSolution
		HideSolutionNode = FALSE
	EndGlobalSection
EndGlobal
