
Microsoft Visual Studio Solution File, Format Version 11.00
# Visual Studio 2010
Project("{8BC9CEB8-8B4A-11D0-8D11-00A0C91BC942}") = "SimpleInterestCalculation", "SimpleInterestCalculation\SimpleInterestCalculation.vcxproj", "{1BF6921D-41F6-4DC2-8F5E-1705188389F3}"
EndProject
Global
	GlobalSection(SolutionConfigurationPlatforms) = preSolution
		Debug|Win32 = Debug|Win32
		Release|Win32 = Release|Win32
	EndGlobalSection
	GlobalSection(ProjectConfigurationPlatforms) = postSolution
		{1BF6921D-41F6-4DC2-8F5E-1705188389F3}.Debug|Win32.ActiveCfg = Debug|Win32
		{1BF6921D-41F6-4DC2-8F5E-1705188389F3}.Debug|Win32.Build.0 = Debug|Win32
		{1BF6921D-41F6-4DC2-8F5E-1705188389F3}.Release|Win32.ActiveCfg = Release|Win32
		{1BF6921D-41F6-4DC2-8F5E-1705188389F3}.Release|Win32.Build.0 = Release|Win32
	EndGlobalSection
	GlobalSection(SolutionProperties) = preSolution
		HideSolutionNode = FALSE
	EndGlobalSection
EndGlobal
